
Microsoft Visual Studio Solution File, Format Version 12.00
# Visual Studio Version 17
VisualStudioVersion = 17.5.33516.290
MinimumVisualStudioVersion = 10.0.40219.1
Project("{FAE04EC0-301F-11D3-BF4B-00C04F79EFBC}") = "rozkladliczb", "rozkladliczb\rozkladliczb.csproj", "{0106723C-6017-479C-A7D9-10FEB02010F4}"
EndProject
Global
	GlobalSection(SolutionConfigurationPlatforms) = preSolution
		Debug|Any CPU = Debug|Any CPU
		Release|Any CPU = Release|Any CPU
	EndGlobalSection
	GlobalSection(ProjectConfigurationPlatforms) = postSolution
		{0106723C-6017-479C-A7D9-10FEB02010F4}.Debug|Any CPU.ActiveCfg = Debug|Any CPU
		{0106723C-6017-479C-A7D9-10FEB02010F4}.Debug|Any CPU.Build.0 = Debug|Any CPU
		{0106723C-6017-479C-A7D9-10FEB02010F4}.Release|Any CPU.ActiveCfg = Release|Any CPU
		{0106723C-6017-479C-A7D9-10FEB02010F4}.Release|Any CPU.Build.0 = Release|Any CPU
	EndGlobalSection
	GlobalSection(SolutionProperties) = preSolution
		HideSolutionNode = FALSE
	EndGlobalSection
	GlobalSection(ExtensibilityGlobals) = postSolution
		SolutionGuid = {C1F9D883-6032-48A3-B3D9-9E415C947A6C}
	EndGlobalSection
EndGlobal
